
Microsoft Visual Studio Solution File, Format Version 12.00
# Visual Studio Version 16
VisualStudioVersion = 16.0.30330.147
MinimumVisualStudioVersion = 10.0.40219.1
Project("{FAE04EC0-301F-11D3-BF4B-00C04F79EFBC}") = "TesteRecrutamento", "TesteRecrutamento\TesteRecrutamento.csproj", "{B6A27A3D-F467-4073-8D84-06E3DA088E3A}"
EndProject
Global
	GlobalSection(SolutionConfigurationPlatforms) = preSolution
		Debug|Any CPU = Debug|Any CPU
		Release|Any CPU = Release|Any CPU
	EndGlobalSection
	GlobalSection(ProjectConfigurationPlatforms) = postSolution
		{B6A27A3D-F467-4073-8D84-06E3DA088E3A}.Debug|Any CPU.ActiveCfg = Debug|Any CPU
		{B6A27A3D-F467-4073-8D84-06E3DA088E3A}.Debug|Any CPU.Build.0 = Debug|Any CPU
		{B6A27A3D-F467-4073-8D84-06E3DA088E3A}.Release|Any CPU.ActiveCfg = Release|Any CPU
		{B6A27A3D-F467-4073-8D84-06E3DA088E3A}.Release|Any CPU.Build.0 = Release|Any CPU
	EndGlobalSection
	GlobalSection(SolutionProperties) = preSolution
		HideSolutionNode = FALSE
	EndGlobalSection
	GlobalSection(ExtensibilityGlobals) = postSolution
		SolutionGuid = {CE67F77F-81DB-49CE-8BDA-C0A4E01B9800}
	EndGlobalSection
EndGlobal
